// !$*UTF8*$!
{
	archiveVersion = 1;
	classes = {
	};
	objectVersion = 46;
	objects = {

/* Begin PBXBuildFile section */
		4B96D2401B3EA1AC00A2D37A /* Reachability.m in Sources */ = {isa = PBXBuildFile; fileRef = 4B96D23F1B3EA1AC00A2D37A /* Reachability.m */; };
		4B96D2421B3EA1C300A2D37A /* SystemConfiguration.framework in Frameworks */ = {isa = PBXBuildFile; fileRef = 4B96D2411B3EA1C300A2D37A /* SystemConfiguration.framework */; };
		4B96D2571B3F16D700A2D37A /* LoginViewController.m in Sources */ = {isa = PBXBuildFile; fileRef = 4B96D2551B3F16D700A2D37A /* LoginViewController.m */; };
		4B96D2581B3F16D700A2D37A /* LoginViewController.xib in Resources */ = {isa = PBXBuildFile; fileRef = 4B96D2561B3F16D700A2D37A /* LoginViewController.xib */; };
		4B96D25E1B3F1ACA00A2D37A /* HomeViewController.m in Sources */ = {isa = PBXBuildFile; fileRef = 4B96D25C1B3F1ACA00A2D37A /* HomeViewController.m */; };
		4B96D25F1B3F1ACA00A2D37A /* HomeViewController.xib in Resources */ = {isa = PBXBuildFile; fileRef = 4B96D25D1B3F1ACA00A2D37A /* HomeViewController.xib */; };
		4B96D2631B3F1CEB00A2D37A /* ChangePasswordViewController.m in Sources */ = {isa = PBXBuildFile; fileRef = 4B96D2611B3F1CEB00A2D37A /* ChangePasswordViewController.m */; };
		4B96D2641B3F1CEB00A2D37A /* ChangePasswordViewController.xib in Resources */ = {isa = PBXBuildFile; fileRef = 4B96D2621B3F1CEB00A2D37A /* ChangePasswordViewController.xib */; };
		4B96D2681B3F1D2B00A2D37A /* ForgotPasswordViewController.m in Sources */ = {isa = PBXBuildFile; fileRef = 4B96D2661B3F1D2B00A2D37A /* ForgotPasswordViewController.m */; };
		4B96D2691B3F1D2B00A2D37A /* ForgotPasswordViewController.xib in Resources */ = {isa = PBXBuildFile; fileRef = 4B96D2671B3F1D2B00A2D37A /* ForgotPasswordViewController.xib */; };
		4B96D26D1B3F1D5300A2D37A /* RegistartionViewController.m in Sources */ = {isa = PBXBuildFile; fileRef = 4B96D26B1B3F1D5300A2D37A /* RegistartionViewController.m */; };
		4B96D26E1B3F1D5300A2D37A /* RegistartionViewController.xib in Resources */ = {isa = PBXBuildFile; fileRef = 4B96D26C1B3F1D5300A2D37A /* RegistartionViewController.xib */; };
		4BA49E991B3D1ECC00B83CED /* main.m in Sources */ = {isa = PBXBuildFile; fileRef = 4BA49E981B3D1ECC00B83CED /* main.m */; };
		4BA49EA41B3D1ECC00B83CED /* Images.xcassets in Resources */ = {isa = PBXBuildFile; fileRef = 4BA49EA31B3D1ECC00B83CED /* Images.xcassets */; };
		4BA49EB31B3D1ECC00B83CED /* Geolocation_Pumping_ApplicationTests.m in Sources */ = {isa = PBXBuildFile; fileRef = 4BA49EB21B3D1ECC00B83CED /* Geolocation_Pumping_ApplicationTests.m */; };
		4BA49EC11B3D564700B83CED /* AppDelegate.m in Sources */ = {isa = PBXBuildFile; fileRef = 4BA49EC01B3D564700B83CED /* AppDelegate.m */; };
		4BA49EE71B3D568D00B83CED /* IQNSArray+Sort.m in Sources */ = {isa = PBXBuildFile; fileRef = 4BA49EC91B3D568D00B83CED /* IQNSArray+Sort.m */; };
		4BA49EE81B3D568D00B83CED /* IQUIView+Hierarchy.m in Sources */ = {isa = PBXBuildFile; fileRef = 4BA49ECB1B3D568D00B83CED /* IQUIView+Hierarchy.m */; };
		4BA49EE91B3D568D00B83CED /* IQUIWindow+Hierarchy.m in Sources */ = {isa = PBXBuildFile; fileRef = 4BA49ECD1B3D568D00B83CED /* IQUIWindow+Hierarchy.m */; };
		4BA49EEA1B3D568D00B83CED /* IQKeyboardManager.m in Sources */ = {isa = PBXBuildFile; fileRef = 4BA49ED21B3D568D00B83CED /* IQKeyboardManager.m */; };
		4BA49EEB1B3D568D00B83CED /* IQKeyboardReturnKeyHandler.m in Sources */ = {isa = PBXBuildFile; fileRef = 4BA49ED41B3D568D00B83CED /* IQKeyboardReturnKeyHandler.m */; };
		4BA49EEC1B3D568D00B83CED /* IQSegmentedNextPrevious.m in Sources */ = {isa = PBXBuildFile; fileRef = 4BA49ED71B3D568D00B83CED /* IQSegmentedNextPrevious.m */; };
		4BA49EED1B3D568D00B83CED /* IQTextView.m in Sources */ = {isa = PBXBuildFile; fileRef = 4BA49EDA1B3D568D00B83CED /* IQTextView.m */; };
		4BA49EEE1B3D568D00B83CED /* IQBarButtonItem.m in Sources */ = {isa = PBXBuildFile; fileRef = 4BA49EDD1B3D568D00B83CED /* IQBarButtonItem.m */; };
		4BA49EEF1B3D568D00B83CED /* IQTitleBarButtonItem.m in Sources */ = {isa = PBXBuildFile; fileRef = 4BA49EDF1B3D568D00B83CED /* IQTitleBarButtonItem.m */; };
		4BA49EF01B3D568D00B83CED /* IQToolbar.m in Sources */ = {isa = PBXBuildFile; fileRef = 4BA49EE11B3D568D00B83CED /* IQToolbar.m */; };
		4BA49EF11B3D568D00B83CED /* IQUIView+IQKeyboardToolbar.m in Sources */ = {isa = PBXBuildFile; fileRef = 4BA49EE31B3D568D00B83CED /* IQUIView+IQKeyboardToolbar.m */; };
		4BA49EF21B3D568D00B83CED /* IQKeyboardManager.bundle in Resources */ = {isa = PBXBuildFile; fileRef = 4BA49EE61B3D568D00B83CED /* IQKeyboardManager.bundle */; };
		4BA49EF61B3D5D1400B83CED /* NSString+FormValidation.m in Sources */ = {isa = PBXBuildFile; fileRef = 4BA49EF51B3D5D1400B83CED /* NSString+FormValidation.m */; };
		4BA49F171B3DC58000B83CED /* MBProgressHUD.m in Sources */ = {isa = PBXBuildFile; fileRef = 4BA49F161B3DC58000B83CED /* MBProgressHUD.m */; };
/* End PBXBuildFile section */

/* Begin PBXContainerItemProxy section */
		4BA49EAD1B3D1ECC00B83CED /* PBXContainerItemProxy */ = {
			isa = PBXContainerItemProxy;
			containerPortal = 4BA49E8B1B3D1ECB00B83CED /* Project object */;
			proxyType = 1;
			remoteGlobalIDString = 4BA49E921B3D1ECC00B83CED;
			remoteInfo = "Geolocation Pumping Application";
		};
/* End PBXContainerItemProxy section */

/* Begin PBXFileReference section */
		4B96D23E1B3EA1AC00A2D37A /* Reachability.h */ = {isa = PBXFileReference; fileEncoding = 4; lastKnownFileType = sourcecode.c.h; path = Reachability.h; sourceTree = "<group>"; };
		4B96D23F1B3EA1AC00A2D37A /* Reachability.m */ = {isa = PBXFileReference; fileEncoding = 4; lastKnownFileType = sourcecode.c.objc; path = Reachability.m; sourceTree = "<group>"; };
		4B96D2411B3EA1C300A2D37A /* SystemConfiguration.framework */ = {isa = PBXFileReference; lastKnownFileType = wrapper.framework; name = SystemConfiguration.framework; path = System/Library/Frameworks/SystemConfiguration.framework; sourceTree = SDKROOT; };
		4B96D2541B3F16D700A2D37A /* LoginViewController.h */ = {isa = PBXFileReference; fileEncoding = 4; lastKnownFileType = sourcecode.c.h; name = LoginViewController.h; path = "Login View/LoginViewController.h"; sourceTree = "<group>"; };
		4B96D2551B3F16D700A2D37A /* LoginViewController.m */ = {isa = PBXFileReference; fileEncoding = 4; lastKnownFileType = sourcecode.c.objc; name = LoginViewController.m; path = "Login View/LoginViewController.m"; sourceTree = "<group>"; };
		4B96D2561B3F16D700A2D37A /* LoginViewController.xib */ = {isa = PBXFileReference; fileEncoding = 4; lastKnownFileType = file.xib; name = LoginViewController.xib; path = "Login View/LoginViewController.xib"; sourceTree = "<group>"; };
		4B96D25B1B3F1ACA00A2D37A /* HomeViewController.h */ = {isa = PBXFileReference; fileEncoding = 4; lastKnownFileType = sourcecode.c.h; name = HomeViewController.h; path = "Home View/HomeViewController.h"; sourceTree = "<group>"; };
		4B96D25C1B3F1ACA00A2D37A /* HomeViewController.m */ = {isa = PBXFileReference; fileEncoding = 4; lastKnownFileType = sourcecode.c.objc; name = HomeViewController.m; path = "Home View/HomeViewController.m"; sourceTree = "<group>"; };
		4B96D25D1B3F1ACA00A2D37A /* HomeViewController.xib */ = {isa = PBXFileReference; fileEncoding = 4; lastKnownFileType = file.xib; name = HomeViewController.xib; path = "Home View/HomeViewController.xib"; sourceTree = "<group>"; };
		4B96D2601B3F1CEB00A2D37A /* ChangePasswordViewController.h */ = {isa = PBXFileReference; fileEncoding = 4; lastKnownFileType = sourcecode.c.h; name = ChangePasswordViewController.h; path = "Change Password/ChangePasswordViewController.h"; sourceTree = "<group>"; };
		4B96D2611B3F1CEB00A2D37A /* ChangePasswordViewController.m */ = {isa = PBXFileReference; fileEncoding = 4; lastKnownFileType = sourcecode.c.objc; name = ChangePasswordViewController.m; path = "Change Password/ChangePasswordViewController.m"; sourceTree = "<group>"; };
		4B96D2621B3F1CEB00A2D37A /* ChangePasswordViewController.xib */ = {isa = PBXFileReference; fileEncoding = 4; lastKnownFileType = file.xib; name = ChangePasswordViewController.xib; path = "Change Password/ChangePasswordViewController.xib"; sourceTree = "<group>"; };
		4B96D2651B3F1D2B00A2D37A /* ForgotPasswordViewController.h */ = {isa = PBXFileReference; fileEncoding = 4; lastKnownFileType = sourcecode.c.h; name = ForgotPasswordViewController.h; path = "Forgot Password/ForgotPasswordViewController.h"; sourceTree = "<group>"; };
		4B96D2661B3F1D2B00A2D37A /* ForgotPasswordViewController.m */ = {isa = PBXFileReference; fileEncoding = 4; lastKnownFileType = sourcecode.c.objc; name = ForgotPasswordViewController.m; path = "Forgot Password/ForgotPasswordViewController.m"; sourceTree = "<group>"; };
		4B96D2671B3F1D2B00A2D37A /* ForgotPasswordViewController.xib */ = {isa = PBXFileReference; fileEncoding = 4; lastKnownFileType = file.xib; name = ForgotPasswordViewController.xib; path = "Forgot Password/ForgotPasswordViewController.xib"; sourceTree = "<group>"; };
		4B96D26A1B3F1D5300A2D37A /* RegistartionViewController.h */ = {isa = PBXFileReference; fileEncoding = 4; lastKnownFileType = sourcecode.c.h; name = RegistartionViewController.h; path = "Registration Screen/RegistartionViewController.h"; sourceTree = "<group>"; };
		4B96D26B1B3F1D5300A2D37A /* RegistartionViewController.m */ = {isa = PBXFileReference; fileEncoding = 4; lastKnownFileType = sourcecode.c.objc; name = RegistartionViewController.m; path = "Registration Screen/RegistartionViewController.m"; sourceTree = "<group>"; };
		4B96D26C1B3F1D5300A2D37A /* RegistartionViewController.xib */ = {isa = PBXFileReference; fileEncoding = 4; lastKnownFileType = file.xib; name = RegistartionViewController.xib; path = "Registration Screen/RegistartionViewController.xib"; sourceTree = "<group>"; };
		4BA49E931B3D1ECC00B83CED /* Geolocation Pumping Application.app */ = {isa = PBXFileReference; explicitFileType = wrapper.application; includeInIndex = 0; path = "Geolocation Pumping Application.app"; sourceTree = BUILT_PRODUCTS_DIR; };
		4BA49E971B3D1ECC00B83CED /* Info.plist */ = {isa = PBXFileReference; lastKnownFileType = text.plist.xml; path = Info.plist; sourceTree = "<group>"; };
		4BA49E981B3D1ECC00B83CED /* main.m */ = {isa = PBXFileReference; lastKnownFileType = sourcecode.c.objc; path = main.m; sourceTree = "<group>"; };
		4BA49EA31B3D1ECC00B83CED /* Images.xcassets */ = {isa = PBXFileReference; lastKnownFileType = folder.assetcatalog; path = Images.xcassets; sourceTree = "<group>"; };
		4BA49EAC1B3D1ECC00B83CED /* Geolocation Pumping ApplicationTests.xctest */ = {isa = PBXFileReference; explicitFileType = wrapper.cfbundle; includeInIndex = 0; path = "Geolocation Pumping ApplicationTests.xctest"; sourceTree = BUILT_PRODUCTS_DIR; };
		4BA49EB11B3D1ECC00B83CED /* Info.plist */ = {isa = PBXFileReference; lastKnownFileType = text.plist.xml; path = Info.plist; sourceTree = "<group>"; };
		4BA49EB21B3D1ECC00B83CED /* Geolocation_Pumping_ApplicationTests.m */ = {isa = PBXFileReference; lastKnownFileType = sourcecode.c.objc; path = Geolocation_Pumping_ApplicationTests.m; sourceTree = "<group>"; };
		4BA49EBF1B3D564700B83CED /* AppDelegate.h */ = {isa = PBXFileReference; fileEncoding = 4; lastKnownFileType = sourcecode.c.h; name = AppDelegate.h; path = "App Delegate/AppDelegate.h"; sourceTree = "<group>"; };
		4BA49EC01B3D564700B83CED /* AppDelegate.m */ = {isa = PBXFileReference; fileEncoding = 4; lastKnownFileType = sourcecode.c.objc; name = AppDelegate.m; path = "App Delegate/AppDelegate.m"; sourceTree = "<group>"; };
		4BA49EC81B3D568D00B83CED /* IQNSArray+Sort.h */ = {isa = PBXFileReference; fileEncoding = 4; lastKnownFileType = sourcecode.c.h; path = "IQNSArray+Sort.h"; sourceTree = "<group>"; };
		4BA49EC91B3D568D00B83CED /* IQNSArray+Sort.m */ = {isa = PBXFileReference; fileEncoding = 4; lastKnownFileType = sourcecode.c.objc; path = "IQNSArray+Sort.m"; sourceTree = "<group>"; };
		4BA49ECA1B3D568D00B83CED /* IQUIView+Hierarchy.h */ = {isa = PBXFileReference; fileEncoding = 4; lastKnownFileType = sourcecode.c.h; path = "IQUIView+Hierarchy.h"; sourceTree = "<group>"; };
		4BA49ECB1B3D568D00B83CED /* IQUIView+Hierarchy.m */ = {isa = PBXFileReference; fileEncoding = 4; lastKnownFileType = sourcecode.c.objc; path = "IQUIView+Hierarchy.m"; sourceTree = "<group>"; };
		4BA49ECC1B3D568D00B83CED /* IQUIWindow+Hierarchy.h */ = {isa = PBXFileReference; fileEncoding = 4; lastKnownFileType = sourcecode.c.h; path = "IQUIWindow+Hierarchy.h"; sourceTree = "<group>"; };
		4BA49ECD1B3D568D00B83CED /* IQUIWindow+Hierarchy.m */ = {isa = PBXFileReference; fileEncoding = 4; lastKnownFileType = sourcecode.c.objc; path = "IQUIWindow+Hierarchy.m"; sourceTree = "<group>"; };
		4BA49ECF1B3D568D00B83CED /* IQKeyboardManagerConstants.h */ = {isa = PBXFileReference; fileEncoding = 4; lastKnownFileType = sourcecode.c.h; path = IQKeyboardManagerConstants.h; sourceTree = "<group>"; };
		4BA49ED01B3D568D00B83CED /* IQKeyboardManagerConstantsInternal.h */ = {isa = PBXFileReference; fileEncoding = 4; lastKnownFileType = sourcecode.c.h; path = IQKeyboardManagerConstantsInternal.h; sourceTree = "<group>"; };
		4BA49ED11B3D568D00B83CED /* IQKeyboardManager.h */ = {isa = PBXFileReference; fileEncoding = 4; lastKnownFileType = sourcecode.c.h; path = IQKeyboardManager.h; sourceTree = "<group>"; };
		4BA49ED21B3D568D00B83CED /* IQKeyboardManager.m */ = {isa = PBXFileReference; fileEncoding = 4; lastKnownFileType = sourcecode.c.objc; path = IQKeyboardManager.m; sourceTree = "<group>"; };
		4BA49ED31B3D568D00B83CED /* IQKeyboardReturnKeyHandler.h */ = {isa = PBXFileReference; fileEncoding = 4; lastKnownFileType = sourcecode.c.h; path = IQKeyboardReturnKeyHandler.h; sourceTree = "<group>"; };
		4BA49ED41B3D568D00B83CED /* IQKeyboardReturnKeyHandler.m */ = {isa = PBXFileReference; fileEncoding = 4; lastKnownFileType = sourcecode.c.objc; path = IQKeyboardReturnKeyHandler.m; sourceTree = "<group>"; };
		4BA49ED61B3D568D00B83CED /* IQSegmentedNextPrevious.h */ = {isa = PBXFileReference; fileEncoding = 4; lastKnownFileType = sourcecode.c.h; path = IQSegmentedNextPrevious.h; sourceTree = "<group>"; };
		4BA49ED71B3D568D00B83CED /* IQSegmentedNextPrevious.m */ = {isa = PBXFileReference; fileEncoding = 4; lastKnownFileType = sourcecode.c.objc; path = IQSegmentedNextPrevious.m; sourceTree = "<group>"; };
		4BA49ED91B3D568D00B83CED /* IQTextView.h */ = {isa = PBXFileReference; fileEncoding = 4; lastKnownFileType = sourcecode.c.h; path = IQTextView.h; sourceTree = "<group>"; };
		4BA49EDA1B3D568D00B83CED /* IQTextView.m */ = {isa = PBXFileReference; fileEncoding = 4; lastKnownFileType = sourcecode.c.objc; path = IQTextView.m; sourceTree = "<group>"; };
		4BA49EDC1B3D568D00B83CED /* IQBarButtonItem.h */ = {isa = PBXFileReference; fileEncoding = 4; lastKnownFileType = sourcecode.c.h; path = IQBarButtonItem.h; sourceTree = "<group>"; };
		4BA49EDD1B3D568D00B83CED /* IQBarButtonItem.m */ = {isa = PBXFileReference; fileEncoding = 4; lastKnownFileType = sourcecode.c.objc; path = IQBarButtonItem.m; sourceTree = "<group>"; };
		4BA49EDE1B3D568D00B83CED /* IQTitleBarButtonItem.h */ = {isa = PBXFileReference; fileEncoding = 4; lastKnownFileType = sourcecode.c.h; path = IQTitleBarButtonItem.h; sourceTree = "<group>"; };
		4BA49EDF1B3D568D00B83CED /* IQTitleBarButtonItem.m */ = {isa = PBXFileReference; fileEncoding = 4; lastKnownFileType = sourcecode.c.objc; path = IQTitleBarButtonItem.m; sourceTree = "<group>"; };
		4BA49EE01B3D568D00B83CED /* IQToolbar.h */ = {isa = PBXFileReference; fileEncoding = 4; lastKnownFileType = sourcecode.c.h; path = IQToolbar.h; sourceTree = "<group>"; };
		4BA49EE11B3D568D00B83CED /* IQToolbar.m */ = {isa = PBXFileReference; fileEncoding = 4; lastKnownFileType = sourcecode.c.objc; path = IQToolbar.m; sourceTree = "<group>"; };
		4BA49EE21B3D568D00B83CED /* IQUIView+IQKeyboardToolbar.h */ = {isa = PBXFileReference; fileEncoding = 4; lastKnownFileType = sourcecode.c.h; path = "IQUIView+IQKeyboardToolbar.h"; sourceTree = "<group>"; };
		4BA49EE31B3D568D00B83CED /* IQUIView+IQKeyboardToolbar.m */ = {isa = PBXFileReference; fileEncoding = 4; lastKnownFileType = sourcecode.c.objc; path = "IQUIView+IQKeyboardToolbar.m"; sourceTree = "<group>"; };
		4BA49EE41B3D568D00B83CED /* KeyboardManager.h */ = {isa = PBXFileReference; fileEncoding = 4; lastKnownFileType = sourcecode.c.h; path = KeyboardManager.h; sourceTree = "<group>"; };
		4BA49EE61B3D568D00B83CED /* IQKeyboardManager.bundle */ = {isa = PBXFileReference; lastKnownFileType = "wrapper.plug-in"; path = IQKeyboardManager.bundle; sourceTree = "<group>"; };
		4BA49EF41B3D5D1400B83CED /* NSString+FormValidation.h */ = {isa = PBXFileReference; fileEncoding = 4; lastKnownFileType = sourcecode.c.h; path = "NSString+FormValidation.h"; sourceTree = "<group>"; };
		4BA49EF51B3D5D1400B83CED /* NSString+FormValidation.m */ = {isa = PBXFileReference; fileEncoding = 4; lastKnownFileType = sourcecode.c.objc; path = "NSString+FormValidation.m"; sourceTree = "<group>"; };
		4BA49F151B3DC58000B83CED /* MBProgressHUD.h */ = {isa = PBXFileReference; fileEncoding = 4; lastKnownFileType = sourcecode.c.h; path = MBProgressHUD.h; sourceTree = "<group>"; };
		4BA49F161B3DC58000B83CED /* MBProgressHUD.m */ = {isa = PBXFileReference; fileEncoding = 4; lastKnownFileType = sourcecode.c.objc; path = MBProgressHUD.m; sourceTree = "<group>"; };
/* End PBXFileReference section */

/* Begin PBXFrameworksBuildPhase section */
		4BA49E901B3D1ECC00B83CED /* Frameworks */ = {
			isa = PBXFrameworksBuildPhase;
			buildActionMask = 2147483647;
			files = (
				4B96D2421B3EA1C300A2D37A /* SystemConfiguration.framework in Frameworks */,
			);
			runOnlyForDeploymentPostprocessing = 0;
		};
		4BA49EA91B3D1ECC00B83CED /* Frameworks */ = {
			isa = PBXFrameworksBuildPhase;
			buildActionMask = 2147483647;
			files = (
			);
			runOnlyForDeploymentPostprocessing = 0;
		};
/* End PBXFrameworksBuildPhase section */

/* Begin PBXGroup section */
		4B96D23D1B3EA1AC00A2D37A /* Reachability */ = {
			isa = PBXGroup;
			children = (
				4B96D23E1B3EA1AC00A2D37A /* Reachability.h */,
				4B96D23F1B3EA1AC00A2D37A /* Reachability.m */,
			);
			path = Reachability;
			sourceTree = "<group>";
		};
		4B96D2471B3EDD3E00A2D37A /* Change Password */ = {
			isa = PBXGroup;
			children = (
				4B96D2601B3F1CEB00A2D37A /* ChangePasswordViewController.h */,
				4B96D2611B3F1CEB00A2D37A /* ChangePasswordViewController.m */,
				4B96D2621B3F1CEB00A2D37A /* ChangePasswordViewController.xib */,
			);
			name = "Change Password";
			sourceTree = "<group>";
		};
		4B96D24B1B3EE11A00A2D37A /* Home View */ = {
			isa = PBXGroup;
			children = (
				4B96D25B1B3F1ACA00A2D37A /* HomeViewController.h */,
				4B96D25C1B3F1ACA00A2D37A /* HomeViewController.m */,
				4B96D25D1B3F1ACA00A2D37A /* HomeViewController.xib */,
			);
			name = "Home View";
			sourceTree = "<group>";
		};
		4BA49E8A1B3D1ECB00B83CED = {
			isa = PBXGroup;
			children = (
				4B96D2411B3EA1C300A2D37A /* SystemConfiguration.framework */,
				4BA49E951B3D1ECC00B83CED /* Geolocation Pumping Application */,
				4BA49EAF1B3D1ECC00B83CED /* Geolocation Pumping ApplicationTests */,
				4BA49E941B3D1ECC00B83CED /* Products */,
			);
			sourceTree = "<group>";
		};
		4BA49E941B3D1ECC00B83CED /* Products */ = {
			isa = PBXGroup;
			children = (
				4BA49E931B3D1ECC00B83CED /* Geolocation Pumping Application.app */,
				4BA49EAC1B3D1ECC00B83CED /* Geolocation Pumping ApplicationTests.xctest */,
			);
			name = Products;
			sourceTree = "<group>";
		};
		4BA49E951B3D1ECC00B83CED /* Geolocation Pumping Application */ = {
			isa = PBXGroup;
			children = (
				4BA49EBE1B3D55C700B83CED /* Classes */,
				4BA49EA31B3D1ECC00B83CED /* Images.xcassets */,
				4BA49E961B3D1ECC00B83CED /* Supporting Files */,
			);
			path = "Geolocation Pumping Application";
			sourceTree = "<group>";
		};
		4BA49E961B3D1ECC00B83CED /* Supporting Files */ = {
			isa = PBXGroup;
			children = (
				4BA49E971B3D1ECC00B83CED /* Info.plist */,
				4BA49E981B3D1ECC00B83CED /* main.m */,
			);
			name = "Supporting Files";
			sourceTree = "<group>";
		};
		4BA49EAF1B3D1ECC00B83CED /* Geolocation Pumping ApplicationTests */ = {
			isa = PBXGroup;
			children = (
				4BA49EB21B3D1ECC00B83CED /* Geolocation_Pumping_ApplicationTests.m */,
				4BA49EB01B3D1ECC00B83CED /* Supporting Files */,
			);
			path = "Geolocation Pumping ApplicationTests";
			sourceTree = "<group>";
		};
		4BA49EB01B3D1ECC00B83CED /* Supporting Files */ = {
			isa = PBXGroup;
			children = (
				4BA49EB11B3D1ECC00B83CED /* Info.plist */,
			);
			name = "Supporting Files";
			sourceTree = "<group>";
		};
		4BA49EBC1B3D558600B83CED /* Application Intialization */ = {
			isa = PBXGroup;
			children = (
				4BA49EBF1B3D564700B83CED /* AppDelegate.h */,
				4BA49EC01B3D564700B83CED /* AppDelegate.m */,
			);
			name = "Application Intialization";
			sourceTree = "<group>";
		};
		4BA49EBD1B3D55A600B83CED /* Login View */ = {
			isa = PBXGroup;
			children = (
				4B96D2541B3F16D700A2D37A /* LoginViewController.h */,
				4B96D2551B3F16D700A2D37A /* LoginViewController.m */,
				4B96D2561B3F16D700A2D37A /* LoginViewController.xib */,
			);
			name = "Login View";
			sourceTree = "<group>";
		};
		4BA49EBE1B3D55C700B83CED /* Classes */ = {
			isa = PBXGroup;
			children = (
				4B96D24B1B3EE11A00A2D37A /* Home View */,
				4B96D2471B3EDD3E00A2D37A /* Change Password */,
				4BAA781C1B3E639300D1B581 /* Forgot Password */,
				4BC535761B3E586F0032644E /* Registration Screen */,
				4BA49EC51B3D568D00B83CED /* Third API Classes */,
				4BA49EBC1B3D558600B83CED /* Application Intialization */,
				4BA49EBD1B3D55A600B83CED /* Login View */,
			);
			name = Classes;
			sourceTree = "<group>";
		};
		4BA49EC51B3D568D00B83CED /* Third API Classes */ = {
			isa = PBXGroup;
			children = (
				4B96D23D1B3EA1AC00A2D37A /* Reachability */,
				4BA49F141B3DC58000B83CED /* MBProgressHUD  */,
				4BA49EF31B3D5D1400B83CED /* Form Validation */,
				4BA49EC61B3D568D00B83CED /* IQKeyBoardManager */,
			);
			path = "Third API Classes";
			sourceTree = "<group>";
		};
		4BA49EC61B3D568D00B83CED /* IQKeyBoardManager */ = {
			isa = PBXGroup;
			children = (
				4BA49EC71B3D568D00B83CED /* Categories */,
				4BA49ECE1B3D568D00B83CED /* Constants */,
				4BA49ED11B3D568D00B83CED /* IQKeyboardManager.h */,
				4BA49ED21B3D568D00B83CED /* IQKeyboardManager.m */,
				4BA49ED31B3D568D00B83CED /* IQKeyboardReturnKeyHandler.h */,
				4BA49ED41B3D568D00B83CED /* IQKeyboardReturnKeyHandler.m */,
				4BA49ED51B3D568D00B83CED /* IQSegmentedNextPrevious */,
				4BA49ED81B3D568D00B83CED /* IQTextView */,
				4BA49EDB1B3D568D00B83CED /* IQToolbar */,
				4BA49EE41B3D568D00B83CED /* KeyboardManager.h */,
				4BA49EE51B3D568D00B83CED /* Resources */,
			);
			path = IQKeyBoardManager;
			sourceTree = "<group>";
		};
		4BA49EC71B3D568D00B83CED /* Categories */ = {
			isa = PBXGroup;
			children = (
				4BA49EC81B3D568D00B83CED /* IQNSArray+Sort.h */,
				4BA49EC91B3D568D00B83CED /* IQNSArray+Sort.m */,
				4BA49ECA1B3D568D00B83CED /* IQUIView+Hierarchy.h */,
				4BA49ECB1B3D568D00B83CED /* IQUIView+Hierarchy.m */,
				4BA49ECC1B3D568D00B83CED /* IQUIWindow+Hierarchy.h */,
				4BA49ECD1B3D568D00B83CED /* IQUIWindow+Hierarchy.m */,
			);
			path = Categories;
			sourceTree = "<group>";
		};
		4BA49ECE1B3D568D00B83CED /* Constants */ = {
			isa = PBXGroup;
			children = (
				4BA49ECF1B3D568D00B83CED /* IQKeyboardManagerConstants.h */,
				4BA49ED01B3D568D00B83CED /* IQKeyboardManagerConstantsInternal.h */,
			);
			path = Constants;
			sourceTree = "<group>";
		};
		4BA49ED51B3D568D00B83CED /* IQSegmentedNextPrevious */ = {
			isa = PBXGroup;
			children = (
				4BA49ED61B3D568D00B83CED /* IQSegmentedNextPrevious.h */,
				4BA49ED71B3D568D00B83CED /* IQSegmentedNextPrevious.m */,
			);
			path = IQSegmentedNextPrevious;
			sourceTree = "<group>";
		};
		4BA49ED81B3D568D00B83CED /* IQTextView */ = {
			isa = PBXGroup;
			children = (
				4BA49ED91B3D568D00B83CED /* IQTextView.h */,
				4BA49EDA1B3D568D00B83CED /* IQTextView.m */,
			);
			path = IQTextView;
			sourceTree = "<group>";
		};
		4BA49EDB1B3D568D00B83CED /* IQToolbar */ = {
			isa = PBXGroup;
			children = (
				4BA49EDC1B3D568D00B83CED /* IQBarButtonItem.h */,
				4BA49EDD1B3D568D00B83CED /* IQBarButtonItem.m */,
				4BA49EDE1B3D568D00B83CED /* IQTitleBarButtonItem.h */,
				4BA49EDF1B3D568D00B83CED /* IQTitleBarButtonItem.m */,
				4BA49EE01B3D568D00B83CED /* IQToolbar.h */,
				4BA49EE11B3D568D00B83CED /* IQToolbar.m */,
				4BA49EE21B3D568D00B83CED /* IQUIView+IQKeyboardToolbar.h */,
				4BA49EE31B3D568D00B83CED /* IQUIView+IQKeyboardToolbar.m */,
			);
			path = IQToolbar;
			sourceTree = "<group>";
		};
		4BA49EE51B3D568D00B83CED /* Resources */ = {
			isa = PBXGroup;
			children = (
				4BA49EE61B3D568D00B83CED /* IQKeyboardManager.bundle */,
			);
			path = Resources;
			sourceTree = "<group>";
		};
		4BA49EF31B3D5D1400B83CED /* Form Validation */ = {
			isa = PBXGroup;
			children = (
				4BA49EF41B3D5D1400B83CED /* NSString+FormValidation.h */,
				4BA49EF51B3D5D1400B83CED /* NSString+FormValidation.m */,
			);
			path = "Form Validation";
			sourceTree = "<group>";
		};
		4BA49F141B3DC58000B83CED /* MBProgressHUD  */ = {
			isa = PBXGroup;
			children = (
				4BA49F151B3DC58000B83CED /* MBProgressHUD.h */,
				4BA49F161B3DC58000B83CED /* MBProgressHUD.m */,
			);
			name = "MBProgressHUD ";
			path = "Geolocation Pumping Application/Third API Classes/MBProgressHUD ";
			sourceTree = SOURCE_ROOT;
		};
		4BAA781C1B3E639300D1B581 /* Forgot Password */ = {
			isa = PBXGroup;
			children = (
				4B96D2651B3F1D2B00A2D37A /* ForgotPasswordViewController.h */,
				4B96D2661B3F1D2B00A2D37A /* ForgotPasswordViewController.m */,
				4B96D2671B3F1D2B00A2D37A /* ForgotPasswordViewController.xib */,
			);
			name = "Forgot Password";
			sourceTree = "<group>";
		};
		4BC535761B3E586F0032644E /* Registration Screen */ = {
			isa = PBXGroup;
			children = (
				4B96D26A1B3F1D5300A2D37A /* RegistartionViewController.h */,
				4B96D26B1B3F1D5300A2D37A /* RegistartionViewController.m */,
				4B96D26C1B3F1D5300A2D37A /* RegistartionViewController.xib */,
			);
			name = "Registration Screen";
			sourceTree = "<group>";
		};
/* End PBXGroup section */

/* Begin PBXNativeTarget section */
		4BA49E921B3D1ECC00B83CED /* Geolocation Pumping Application */ = {
			isa = PBXNativeTarget;
			buildConfigurationList = 4BA49EB61B3D1ECC00B83CED /* Build configuration list for PBXNativeTarget "Geolocation Pumping Application" */;
			buildPhases = (
				4BA49E8F1B3D1ECC00B83CED /* Sources */,
				4BA49E901B3D1ECC00B83CED /* Frameworks */,
				4BA49E911B3D1ECC00B83CED /* Resources */,
			);
			buildRules = (
			);
			dependencies = (
			);
			name = "Geolocation Pumping Application";
			productName = "Geolocation Pumping Application";
			productReference = 4BA49E931B3D1ECC00B83CED /* Geolocation Pumping Application.app */;
			productType = "com.apple.product-type.application";
		};
		4BA49EAB1B3D1ECC00B83CED /* Geolocation Pumping ApplicationTests */ = {
			isa = PBXNativeTarget;
			buildConfigurationList = 4BA49EB91B3D1ECC00B83CED /* Build configuration list for PBXNativeTarget "Geolocation Pumping ApplicationTests" */;
			buildPhases = (
				4BA49EA81B3D1ECC00B83CED /* Sources */,
				4BA49EA91B3D1ECC00B83CED /* Frameworks */,
				4BA49EAA1B3D1ECC00B83CED /* Resources */,
			);
			buildRules = (
			);
			dependencies = (
				4BA49EAE1B3D1ECC00B83CED /* PBXTargetDependency */,
			);
			name = "Geolocation Pumping ApplicationTests";
			productName = "Geolocation Pumping ApplicationTests";
			productReference = 4BA49EAC1B3D1ECC00B83CED /* Geolocation Pumping ApplicationTests.xctest */;
			productType = "com.apple.product-type.bundle.unit-test";
		};
/* End PBXNativeTarget section */

/* Begin PBXProject section */
		4BA49E8B1B3D1ECB00B83CED /* Project object */ = {
			isa = PBXProject;
			attributes = {
				LastUpgradeCheck = 0610;
				ORGANIZATIONNAME = "Himani Dinesh Garg";
				TargetAttributes = {
					4BA49E921B3D1ECC00B83CED = {
						CreatedOnToolsVersion = 6.1.1;
					};
					4BA49EAB1B3D1ECC00B83CED = {
						CreatedOnToolsVersion = 6.1.1;
						TestTargetID = 4BA49E921B3D1ECC00B83CED;
					};
				};
			};
			buildConfigurationList = 4BA49E8E1B3D1ECB00B83CED /* Build configuration list for PBXProject "Geolocation Pumping Application" */;
			compatibilityVersion = "Xcode 3.2";
			developmentRegion = English;
			hasScannedForEncodings = 0;
			knownRegions = (
				en,
				Base,
			);
			mainGroup = 4BA49E8A1B3D1ECB00B83CED;
			productRefGroup = 4BA49E941B3D1ECC00B83CED /* Products */;
			projectDirPath = "";
			projectRoot = "";
			targets = (
				4BA49E921B3D1ECC00B83CED /* Geolocation Pumping Application */,
				4BA49EAB1B3D1ECC00B83CED /* Geolocation Pumping ApplicationTests */,
			);
		};
/* End PBXProject section */

/* Begin PBXResourcesBuildPhase section */
		4BA49E911B3D1ECC00B83CED /* Resources */ = {
			isa = PBXResourcesBuildPhase;
			buildActionMask = 2147483647;
			files = (
				4B96D2691B3F1D2B00A2D37A /* ForgotPasswordViewController.xib in Resources */,
				4B96D2581B3F16D700A2D37A /* LoginViewController.xib in Resources */,
				4BA49EF21B3D568D00B83CED /* IQKeyboardManager.bundle in Resources */,
				4B96D2641B3F1CEB00A2D37A /* ChangePasswordViewController.xib in Resources */,
				4BA49EA41B3D1ECC00B83CED /* Images.xcassets in Resources */,
				4B96D25F1B3F1ACA00A2D37A /* HomeViewController.xib in Resources */,
				4B96D26E1B3F1D5300A2D37A /* RegistartionViewController.xib in Resources */,
			);
			runOnlyForDeploymentPostprocessing = 0;
		};
		4BA49EAA1B3D1ECC00B83CED /* Resources */ = {
			isa = PBXResourcesBuildPhase;
			buildActionMask = 2147483647;
			files = (
			);
			runOnlyForDeploymentPostprocessing = 0;
		};
/* End PBXResourcesBuildPhase section */

/* Begin PBXSourcesBuildPhase section */
		4BA49E8F1B3D1ECC00B83CED /* Sources */ = {
			isa = PBXSourcesBuildPhase;
			buildActionMask = 2147483647;
			files = (
				4BA49EE71B3D568D00B83CED /* IQNSArray+Sort.m in Sources */,
				4BA49EEF1B3D568D00B83CED /* IQTitleBarButtonItem.m in Sources */,
				4BA49EEB1B3D568D00B83CED /* IQKeyboardReturnKeyHandler.m in Sources */,
				4BA49EF11B3D568D00B83CED /* IQUIView+IQKeyboardToolbar.m in Sources */,
				4BA49EEE1B3D568D00B83CED /* IQBarButtonItem.m in Sources */,
				4B96D25E1B3F1ACA00A2D37A /* HomeViewController.m in Sources */,
				4BA49EEC1B3D568D00B83CED /* IQSegmentedNextPrevious.m in Sources */,
				4BA49EED1B3D568D00B83CED /* IQTextView.m in Sources */,
				4BA49EEA1B3D568D00B83CED /* IQKeyboardManager.m in Sources */,
				4B96D2401B3EA1AC00A2D37A /* Reachability.m in Sources */,
				4B96D2571B3F16D700A2D37A /* LoginViewController.m in Sources */,
				4B96D26D1B3F1D5300A2D37A /* RegistartionViewController.m in Sources */,
				4BA49EF61B3D5D1400B83CED /* NSString+FormValidation.m in Sources */,
				4BA49EC11B3D564700B83CED /* AppDelegate.m in Sources */,
				4BA49F171B3DC58000B83CED /* MBProgressHUD.m in Sources */,
				4BA49EF01B3D568D00B83CED /* IQToolbar.m in Sources */,
				4BA49EE91B3D568D00B83CED /* IQUIWindow+Hierarchy.m in Sources */,
				4BA49E991B3D1ECC00B83CED /* main.m in Sources */,
				4B96D2681B3F1D2B00A2D37A /* ForgotPasswordViewController.m in Sources */,
				4B96D2631B3F1CEB00A2D37A /* ChangePasswordViewController.m in Sources */,
				4BA49EE81B3D568D00B83CED /* IQUIView+Hierarchy.m in Sources */,
			);
			runOnlyForDeploymentPostprocessing = 0;
		};
		4BA49EA81B3D1ECC00B83CED /* Sources */ = {
			isa = PBXSourcesBuildPhase;
			buildActionMask = 2147483647;
			files = (
				4BA49EB31B3D1ECC00B83CED /* Geolocation_Pumping_ApplicationTests.m in Sources */,
			);
			runOnlyForDeploymentPostprocessing = 0;
		};
/* End PBXSourcesBuildPhase section */

/* Begin PBXTargetDependency section */
		4BA49EAE1B3D1ECC00B83CED /* PBXTargetDependency */ = {
			isa = PBXTargetDependency;
			target = 4BA49E921B3D1ECC00B83CED /* Geolocation Pumping Application */;
			targetProxy = 4BA49EAD1B3D1ECC00B83CED /* PBXContainerItemProxy */;
		};
/* End PBXTargetDependency section */

/* Begin XCBuildConfiguration section */
		4BA49EB41B3D1ECC00B83CED /* Debug */ = {
			isa = XCBuildConfiguration;
			buildSettings = {
				ALWAYS_SEARCH_USER_PATHS = NO;
				CLANG_CXX_LANGUAGE_STANDARD = "gnu++0x";
				CLANG_CXX_LIBRARY = "libc++";
				CLANG_ENABLE_MODULES = YES;
				CLANG_ENABLE_OBJC_ARC = YES;
				CLANG_WARN_BOOL_CONVERSION = YES;
				CLANG_WARN_CONSTANT_CONVERSION = YES;
				CLANG_WARN_DIRECT_OBJC_ISA_USAGE = YES_ERROR;
				CLANG_WARN_EMPTY_BODY = YES;
				CLANG_WARN_ENUM_CONVERSION = YES;
				CLANG_WARN_INT_CONVERSION = YES;
				CLANG_WARN_OBJC_ROOT_CLASS = YES_ERROR;
				CLANG_WARN_UNREACHABLE_CODE = YES;
				CLANG_WARN__DUPLICATE_METHOD_MATCH = YES;
				"CODE_SIGN_IDENTITY[sdk=iphoneos*]" = "iPhone Developer";
				COPY_PHASE_STRIP = NO;
				ENABLE_STRICT_OBJC_MSGSEND = YES;
				GCC_C_LANGUAGE_STANDARD = gnu99;
				GCC_DYNAMIC_NO_PIC = NO;
				GCC_OPTIMIZATION_LEVEL = 0;
				GCC_PREPROCESSOR_DEFINITIONS = (
					"DEBUG=1",
					"$(inherited)",
				);
				GCC_SYMBOLS_PRIVATE_EXTERN = NO;
				GCC_WARN_64_TO_32_BIT_CONVERSION = YES;
				GCC_WARN_ABOUT_RETURN_TYPE = YES_ERROR;
				GCC_WARN_UNDECLARED_SELECTOR = YES;
				GCC_WARN_UNINITIALIZED_AUTOS = YES_AGGRESSIVE;
				GCC_WARN_UNUSED_FUNCTION = YES;
				GCC_WARN_UNUSED_VARIABLE = YES;
				IPHONEOS_DEPLOYMENT_TARGET = 8.1;
				MTL_ENABLE_DEBUG_INFO = YES;
				ONLY_ACTIVE_ARCH = YES;
				SDKROOT = iphoneos;
			};
			name = Debug;
		};
		4BA49EB51B3D1ECC00B83CED /* Release */ = {
			isa = XCBuildConfiguration;
			buildSettings = {
				ALWAYS_SEARCH_USER_PATHS = NO;
				CLANG_CXX_LANGUAGE_STANDARD = "gnu++0x";
				CLANG_CXX_LIBRARY = "libc++";
				CLANG_ENABLE_MODULES = YES;
				CLANG_ENABLE_OBJC_ARC = YES;
				CLANG_WARN_BOOL_CONVERSION = YES;
				CLANG_WARN_CONSTANT_CONVERSION = YES;
				CLANG_WARN_DIRECT_OBJC_ISA_USAGE = YES_ERROR;
				CLANG_WARN_EMPTY_BODY = YES;
				CLANG_WARN_ENUM_CONVERSION = YES;
				CLANG_WARN_INT_CONVERSION = YES;
				CLANG_WARN_OBJC_ROOT_CLASS = YES_ERROR;
				CLANG_WARN_UNREACHABLE_CODE = YES;
				CLANG_WARN__DUPLICATE_METHOD_MATCH = YES;
				"CODE_SIGN_IDENTITY[sdk=iphoneos*]" = "iPhone Developer";
				COPY_PHASE_STRIP = YES;
				ENABLE_NS_ASSERTIONS = NO;
				ENABLE_STRICT_OBJC_MSGSEND = YES;
				GCC_C_LANGUAGE_STANDARD = gnu99;
				GCC_WARN_64_TO_32_BIT_CONVERSION = YES;
				GCC_WARN_ABOUT_RETURN_TYPE = YES_ERROR;
				GCC_WARN_UNDECLARED_SELECTOR = YES;
				GCC_WARN_UNINITIALIZED_AUTOS = YES_AGGRESSIVE;
				GCC_WARN_UNUSED_FUNCTION = YES;
				GCC_WARN_UNUSED_VARIABLE = YES;
				IPHONEOS_DEPLOYMENT_TARGET = 8.1;
				MTL_ENABLE_DEBUG_INFO = NO;
				SDKROOT = iphoneos;
				VALIDATE_PRODUCT = YES;
			};
			name = Release;
		};
		4BA49EB71B3D1ECC00B83CED /* Debug */ = {
			isa = XCBuildConfiguration;
			buildSettings = {
				ASSETCATALOG_COMPILER_APPICON_NAME = AppIcon;
				INFOPLIST_FILE = "Geolocation Pumping Application/Info.plist";
				LD_RUNPATH_SEARCH_PATHS = "$(inherited) @executable_path/Frameworks";
				PRODUCT_NAME = "$(TARGET_NAME)";
			};
			name = Debug;
		};
		4BA49EB81B3D1ECC00B83CED /* Release */ = {
			isa = XCBuildConfiguration;
			buildSettings = {
				ASSETCATALOG_COMPILER_APPICON_NAME = AppIcon;
				INFOPLIST_FILE = "Geolocation Pumping Application/Info.plist";
				LD_RUNPATH_SEARCH_PATHS = "$(inherited) @executable_path/Frameworks";
				PRODUCT_NAME = "$(TARGET_NAME)";
			};
			name = Release;
		};
		4BA49EBA1B3D1ECC00B83CED /* Debug */ = {
			isa = XCBuildConfiguration;
			buildSettings = {
				BUNDLE_LOADER = "$(TEST_HOST)";
				FRAMEWORK_SEARCH_PATHS = (
					"$(SDKROOT)/Developer/Library/Frameworks",
					"$(inherited)",
				);
				GCC_PREPROCESSOR_DEFINITIONS = (
					"DEBUG=1",
					"$(inherited)",
				);
				INFOPLIST_FILE = "Geolocation Pumping ApplicationTests/Info.plist";
				LD_RUNPATH_SEARCH_PATHS = "$(inherited) @executable_path/Frameworks @loader_path/Frameworks";
				PRODUCT_NAME = "$(TARGET_NAME)";
				TEST_HOST = "$(BUILT_PRODUCTS_DIR)/Geolocation Pumping Application.app/Geolocation Pumping Application";
			};
			name = Debug;
		};
		4BA49EBB1B3D1ECC00B83CED /* Release */ = {
			isa = XCBuildConfiguration;
			buildSettings = {
				BUNDLE_LOADER = "$(TEST_HOST)";
				FRAMEWORK_SEARCH_PATHS = (
					"$(SDKROOT)/Developer/Library/Frameworks",
					"$(inherited)",
				);
				INFOPLIST_FILE = "Geolocation Pumping ApplicationTests/Info.plist";
				LD_RUNPATH_SEARCH_PATHS = "$(inherited) @executable_path/Frameworks @loader_path/Frameworks";
				PRODUCT_NAME = "$(TARGET_NAME)";
				TEST_HOST = "$(BUILT_PRODUCTS_DIR)/Geolocation Pumping Application.app/Geolocation Pumping Application";
			};
			name = Release;
		};
/* End XCBuildConfiguration section */

/* Begin XCConfigurationList section */
		4BA49E8E1B3D1ECB00B83CED /* Build configuration list for PBXProject "Geolocation Pumping Application" */ = {
			isa = XCConfigurationList;
			buildConfigurations = (
				4BA49EB41B3D1ECC00B83CED /* Debug */,
				4BA49EB51B3D1ECC00B83CED /* Release */,
			);
			defaultConfigurationIsVisible = 0;
			defaultConfigurationName = Release;
		};
		4BA49EB61B3D1ECC00B83CED /* Build configuration list for PBXNativeTarget "Geolocation Pumping Application" */ = {
			isa = XCConfigurationList;
			buildConfigurations = (
				4BA49EB71B3D1ECC00B83CED /* Debug */,
				4BA49EB81B3D1ECC00B83CED /* Release */,
			);
			defaultConfigurationIsVisible = 0;
			defaultConfigurationName = Release;
		};
		4BA49EB91B3D1ECC00B83CED /* Build configuration list for PBXNativeTarget "Geolocation Pumping ApplicationTests" */ = {
			isa = XCConfigurationList;
			buildConfigurations = (
				4BA49EBA1B3D1ECC00B83CED /* Debug */,
				4BA49EBB1B3D1ECC00B83CED /* Release */,
			);
			defaultConfigurationIsVisible = 0;
			defaultConfigurationName = Release;
		};
/* End XCConfigurationList section */
	};
	rootObject = 4BA49E8B1B3D1ECB00B83CED /* Project object */;
}
